
Microsoft Visual Studio Solution File, Format Version 12.00
# Visual Studio Version 17
VisualStudioVersion = 17.12.35514.174
MinimumVisualStudioVersion = 10.0.40219.1
Project("{FAE04EC0-301F-11D3-BF4B-00C04F79EFBC}") = "clasp", "clasp\clasp.csproj", "{2D736DE1-497A-4E36-97C1-92E45D01E8CC}"
EndProject
Project("{2150E333-8FDC-42A3-9474-1A3956D46DE8}") = "Solution Items", "Solution Items", "{6D621E6F-DDE4-4CE2-81D9-6700785C7524}"
	ProjectSection(SolutionItems) = preProject
		LICENSE.txt = LICENSE.txt
		README.md = README.md
	EndProjectSection
EndProject
Project("{FAE04EC0-301F-11D3-BF4B-00C04F79EFBC}") = "clstat", "clstat\clstat.csproj", "{9DC91441-FFAB-4EDF-9DA4-EF8613994C7C}"
EndProject
Project("{FAE04EC0-301F-11D3-BF4B-00C04F79EFBC}") = "clasptree", "clasptree\clasptree.csproj", "{B6C926A0-D7BE-4152-80E0-0D001ED3F314}"
EndProject
Project("{2150E333-8FDC-42A3-9474-1A3956D46DE8}") = "bin", "bin", "{542D8DDB-4392-4038-AC9A-589D27BEB120}"
	ProjectSection(SolutionItems) = preProject
		bin\clasp.deps.json = bin\clasp.deps.json
		bin\clasp.dll = bin\clasp.dll
		bin\clasp.exe = bin\clasp.exe
		bin\clasp.runtimeconfig.json = bin\clasp.runtimeconfig.json
		bin\clasptree.deps.json = bin\clasptree.deps.json
		bin\clasptree.dll = bin\clasptree.dll
		bin\clasptree.exe = bin\clasptree.exe
		bin\clasptree.runtimeconfig.json = bin\clasptree.runtimeconfig.json
		bin\clstat.deps.json = bin\clstat.deps.json
		bin\clstat.dll = bin\clstat.dll
		bin\clstat.exe = bin\clstat.exe
		bin\clstat.runtimeconfig.json = bin\clstat.runtimeconfig.json
	EndProjectSection
EndProject
Project("{2150E333-8FDC-42A3-9474-1A3956D46DE8}") = "py", "py", "{B6A3CE0E-EADA-4E18-A854-EBE88204F6D2}"
	ProjectSection(SolutionItems) = preProject
		py\clasp.py = py\clasp.py
		py\clasptree.py = py\clasptree.py
		py\clstat.py = py\clstat.py
		py\visualfa.py = py\visualfa.py
	EndProjectSection
EndProject
Global
	GlobalSection(SolutionConfigurationPlatforms) = preSolution
		Debug|Any CPU = Debug|Any CPU
		Release|Any CPU = Release|Any CPU
	EndGlobalSection
	GlobalSection(ProjectConfigurationPlatforms) = postSolution
		{2D736DE1-497A-4E36-97C1-92E45D01E8CC}.Debug|Any CPU.ActiveCfg = Debug|Any CPU
		{2D736DE1-497A-4E36-97C1-92E45D01E8CC}.Debug|Any CPU.Build.0 = Debug|Any CPU
		{2D736DE1-497A-4E36-97C1-92E45D01E8CC}.Release|Any CPU.ActiveCfg = Release|Any CPU
		{2D736DE1-497A-4E36-97C1-92E45D01E8CC}.Release|Any CPU.Build.0 = Release|Any CPU
		{9DC91441-FFAB-4EDF-9DA4-EF8613994C7C}.Debug|Any CPU.ActiveCfg = Debug|Any CPU
		{9DC91441-FFAB-4EDF-9DA4-EF8613994C7C}.Debug|Any CPU.Build.0 = Debug|Any CPU
		{9DC91441-FFAB-4EDF-9DA4-EF8613994C7C}.Release|Any CPU.ActiveCfg = Release|Any CPU
		{9DC91441-FFAB-4EDF-9DA4-EF8613994C7C}.Release|Any CPU.Build.0 = Release|Any CPU
		{B6C926A0-D7BE-4152-80E0-0D001ED3F314}.Debug|Any CPU.ActiveCfg = Debug|Any CPU
		{B6C926A0-D7BE-4152-80E0-0D001ED3F314}.Debug|Any CPU.Build.0 = Debug|Any CPU
		{B6C926A0-D7BE-4152-80E0-0D001ED3F314}.Release|Any CPU.ActiveCfg = Release|Any CPU
		{B6C926A0-D7BE-4152-80E0-0D001ED3F314}.Release|Any CPU.Build.0 = Release|Any CPU
	EndGlobalSection
	GlobalSection(SolutionProperties) = preSolution
		HideSolutionNode = FALSE
	EndGlobalSection
	GlobalSection(NestedProjects) = preSolution
		{542D8DDB-4392-4038-AC9A-589D27BEB120} = {6D621E6F-DDE4-4CE2-81D9-6700785C7524}
		{B6A3CE0E-EADA-4E18-A854-EBE88204F6D2} = {6D621E6F-DDE4-4CE2-81D9-6700785C7524}
	EndGlobalSection
EndGlobal
